
Microsoft Visual Studio Solution File, Format Version 12.00
# Visual Studio 15
VisualStudioVersion = 15.0.27130.2010
MinimumVisualStudioVersion = 10.0.40219.1
Project("{FAE04EC0-301F-11D3-BF4B-00C04F79EFBC}") = "RUAP_spam_ham", "RUAP_spam_ham\RUAP_spam_ham.csproj", "{8295CC1A-5339-4BAF-8D56-957B1937670E}"
EndProject
Global
	GlobalSection(SolutionConfigurationPlatforms) = preSolution
		Debug|Any CPU = Debug|Any CPU
		Release|Any CPU = Release|Any CPU
	EndGlobalSection
	GlobalSection(ProjectConfigurationPlatforms) = postSolution
		{8295CC1A-5339-4BAF-8D56-957B1937670E}.Debug|Any CPU.ActiveCfg = Debug|Any CPU
		{8295CC1A-5339-4BAF-8D56-957B1937670E}.Debug|Any CPU.Build.0 = Debug|Any CPU
		{8295CC1A-5339-4BAF-8D56-957B1937670E}.Release|Any CPU.ActiveCfg = Release|Any CPU
		{8295CC1A-5339-4BAF-8D56-957B1937670E}.Release|Any CPU.Build.0 = Release|Any CPU
	EndGlobalSection
	GlobalSection(SolutionProperties) = preSolution
		HideSolutionNode = FALSE
	EndGlobalSection
	GlobalSection(ExtensibilityGlobals) = postSolution
		SolutionGuid = {510A7F2D-B01B-4524-B4F2-4E860F98B563}
	EndGlobalSection
EndGlobal
